// !$*UTF8*$!
{
	archiveVersion = 1;
	classes = {
	};
	objectVersion = 46;
	objects = {

/* Begin PBXBuildFile section */
		4708C31D1EA0CE1500E7C9FD /* main.m in Sources */ = {isa = PBXBuildFile; fileRef = 4708C31C1EA0CE1500E7C9FD /* main.m */; };
		4708C3201EA0CE1500E7C9FD /* AppDelegate.m in Sources */ = {isa = PBXBuildFile; fileRef = 4708C31F1EA0CE1500E7C9FD /* AppDelegate.m */; };
		4708C3231EA0CE1500E7C9FD /* ViewController.m in Sources */ = {isa = PBXBuildFile; fileRef = 4708C3221EA0CE1500E7C9FD /* ViewController.m */; };
		4708C3261EA0CE1500E7C9FD /* Main.storyboard in Resources */ = {isa = PBXBuildFile; fileRef = 4708C3241EA0CE1500E7C9FD /* Main.storyboard */; };
		4708C3281EA0CE1500E7C9FD /* Assets.xcassets in Resources */ = {isa = PBXBuildFile; fileRef = 4708C3271EA0CE1500E7C9FD /* Assets.xcassets */; };
		4708C32B1EA0CE1500E7C9FD /* LaunchScreen.storyboard in Resources */ = {isa = PBXBuildFile; fileRef = 4708C3291EA0CE1500E7C9FD /* LaunchScreen.storyboard */; };
		4708C3361EA0CE1500E7C9FD /* JQTumblrHudDemoTests.m in Sources */ = {isa = PBXBuildFile; fileRef = 4708C3351EA0CE1500E7C9FD /* JQTumblrHudDemoTests.m */; };
		4708C3411EA0CE1500E7C9FD /* JQTumblrHudDemoUITests.m in Sources */ = {isa = PBXBuildFile; fileRef = 4708C3401EA0CE1500E7C9FD /* JQTumblrHudDemoUITests.m */; };
		4708C3511EA0CE2B00E7C9FD /* JQTumblrHud.m in Sources */ = {isa = PBXBuildFile; fileRef = 4708C3501EA0CE2B00E7C9FD /* JQTumblrHud.m */; };
/* End PBXBuildFile section */

/* Begin PBXContainerItemProxy section */
		4708C3321EA0CE1500E7C9FD /* PBXContainerItemProxy */ = {
			isa = PBXContainerItemProxy;
			containerPortal = 4708C3101EA0CE1500E7C9FD /* Project object */;
			proxyType = 1;
			remoteGlobalIDString = 4708C3171EA0CE1500E7C9FD;
			remoteInfo = JQTumblrHudDemo;
		};
		4708C33D1EA0CE1500E7C9FD /* PBXContainerItemProxy */ = {
			isa = PBXContainerItemProxy;
			containerPortal = 4708C3101EA0CE1500E7C9FD /* Project object */;
			proxyType = 1;
			remoteGlobalIDString = 4708C3171EA0CE1500E7C9FD;
			remoteInfo = JQTumblrHudDemo;
		};
/* End PBXContainerItemProxy section */

/* Begin PBXFileReference section */
		4708C3181EA0CE1500E7C9FD /* JQTumblrHudDemo.app */ = {isa = PBXFileReference; explicitFileType = wrapper.application; includeInIndex = 0; path = JQTumblrHudDemo.app; sourceTree = BUILT_PRODUCTS_DIR; };
		4708C31C1EA0CE1500E7C9FD /* main.m */ = {isa = PBXFileReference; lastKnownFileType = sourcecode.c.objc; path = main.m; sourceTree = "<group>"; };
		4708C31E1EA0CE1500E7C9FD /* AppDelegate.h */ = {isa = PBXFileReference; lastKnownFileType = sourcecode.c.h; path = AppDelegate.h; sourceTree = "<group>"; };
		4708C31F1EA0CE1500E7C9FD /* AppDelegate.m */ = {isa = PBXFileReference; lastKnownFileType = sourcecode.c.objc; path = AppDelegate.m; sourceTree = "<group>"; };
		4708C3211EA0CE1500E7C9FD /* ViewController.h */ = {isa = PBXFileReference; lastKnownFileType = sourcecode.c.h; path = ViewController.h; sourceTree = "<group>"; };
		4708C3221EA0CE1500E7C9FD /* ViewController.m */ = {isa = PBXFileReference; lastKnownFileType = sourcecode.c.objc; path = ViewController.m; sourceTree = "<group>"; };
		4708C3251EA0CE1500E7C9FD /* Base */ = {isa = PBXFileReference; lastKnownFileType = file.storyboard; name = Base; path = Base.lproj/Main.storyboard; sourceTree = "<group>"; };
		4708C3271EA0CE1500E7C9FD /* Assets.xcassets */ = {isa = PBXFileReference; lastKnownFileType = folder.assetcatalog; path = Assets.xcassets; sourceTree = "<group>"; };
		4708C32A1EA0CE1500E7C9FD /* Base */ = {isa = PBXFileReference; lastKnownFileType = file.storyboard; name = Base; path = Base.lproj/LaunchScreen.storyboard; sourceTree = "<group>"; };
		4708C32C1EA0CE1500E7C9FD /* Info.plist */ = {isa = PBXFileReference; lastKnownFileType = text.plist.xml; path = Info.plist; sourceTree = "<group>"; };
		4708C3311EA0CE1500E7C9FD /* JQTumblrHudDemoTests.xctest */ = {isa = PBXFileReference; explicitFileType = wrapper.cfbundle; includeInIndex = 0; path = JQTumblrHudDemoTests.xctest; sourceTree = BUILT_PRODUCTS_DIR; };
		4708C3351EA0CE1500E7C9FD /* JQTumblrHudDemoTests.m */ = {isa = PBXFileReference; lastKnownFileType = sourcecode.c.objc; path = JQTumblrHudDemoTests.m; sourceTree = "<group>"; };
		4708C3371EA0CE1500E7C9FD /* Info.plist */ = {isa = PBXFileReference; lastKnownFileType = text.plist.xml; path = Info.plist; sourceTree = "<group>"; };
		4708C33C1EA0CE1500E7C9FD /* JQTumblrHudDemoUITests.xctest */ = {isa = PBXFileReference; explicitFileType = wrapper.cfbundle; includeInIndex = 0; path = JQTumblrHudDemoUITests.xctest; sourceTree = BUILT_PRODUCTS_DIR; };
		4708C3401EA0CE1500E7C9FD /* JQTumblrHudDemoUITests.m */ = {isa = PBXFileReference; lastKnownFileType = sourcecode.c.objc; path = JQTumblrHudDemoUITests.m; sourceTree = "<group>"; };
		4708C3421EA0CE1500E7C9FD /* Info.plist */ = {isa = PBXFileReference; lastKnownFileType = text.plist.xml; path = Info.plist; sourceTree = "<group>"; };
		4708C34F1EA0CE2B00E7C9FD /* JQTumblrHud.h */ = {isa = PBXFileReference; fileEncoding = 4; lastKnownFileType = sourcecode.c.h; path = JQTumblrHud.h; sourceTree = "<group>"; };
		4708C3501EA0CE2B00E7C9FD /* JQTumblrHud.m */ = {isa = PBXFileReference; fileEncoding = 4; lastKnownFileType = sourcecode.c.objc; path = JQTumblrHud.m; sourceTree = "<group>"; };
/* End PBXFileReference section */

/* Begin PBXFrameworksBuildPhase section */
		4708C3151EA0CE1500E7C9FD /* Frameworks */ = {
			isa = PBXFrameworksBuildPhase;
			buildActionMask = 2147483647;
			files = (
			);
			runOnlyForDeploymentPostprocessing = 0;
		};
		4708C32E1EA0CE1500E7C9FD /* Frameworks */ = {
			isa = PBXFrameworksBuildPhase;
			buildActionMask = 2147483647;
			files = (
			);
			runOnlyForDeploymentPostprocessing = 0;
		};
		4708C3391EA0CE1500E7C9FD /* Frameworks */ = {
			isa = PBXFrameworksBuildPhase;
			buildActionMask = 2147483647;
			files = (
			);
			runOnlyForDeploymentPostprocessing = 0;
		};
/* End PBXFrameworksBuildPhase section */

/* Begin PBXGroup section */
		4708C30F1EA0CE1500E7C9FD = {
			isa = PBXGroup;
			children = (
				4708C31A1EA0CE1500E7C9FD /* JQTumblrHudDemo */,
				4708C3341EA0CE1500E7C9FD /* JQTumblrHudDemoTests */,
				4708C33F1EA0CE1500E7C9FD /* JQTumblrHudDemoUITests */,
				4708C3191EA0CE1500E7C9FD /* Products */,
			);
			sourceTree = "<group>";
		};
		4708C3191EA0CE1500E7C9FD /* Products */ = {
			isa = PBXGroup;
			children = (
				4708C3181EA0CE1500E7C9FD /* JQTumblrHudDemo.app */,
				4708C3311EA0CE1500E7C9FD /* JQTumblrHudDemoTests.xctest */,
				4708C33C1EA0CE1500E7C9FD /* JQTumblrHudDemoUITests.xctest */,
			);
			name = Products;
			sourceTree = "<group>";
		};
		4708C31A1EA0CE1500E7C9FD /* JQTumblrHudDemo */ = {
			isa = PBXGroup;
			children = (
				4708C34E1EA0CE2B00E7C9FD /* JQTumblrHud */,
				4708C31E1EA0CE1500E7C9FD /* AppDelegate.h */,
				4708C31F1EA0CE1500E7C9FD /* AppDelegate.m */,
				4708C3211EA0CE1500E7C9FD /* ViewController.h */,
				4708C3221EA0CE1500E7C9FD /* ViewController.m */,
				4708C3241EA0CE1500E7C9FD /* Main.storyboard */,
				4708C3271EA0CE1500E7C9FD /* Assets.xcassets */,
				4708C3291EA0CE1500E7C9FD /* LaunchScreen.storyboard */,
				4708C32C1EA0CE1500E7C9FD /* Info.plist */,
				4708C31B1EA0CE1500E7C9FD /* Supporting Files */,
			);
			path = JQTumblrHudDemo;
			sourceTree = "<group>";
		};
		4708C31B1EA0CE1500E7C9FD /* Supporting Files */ = {
			isa = PBXGroup;
			children = (
				4708C31C1EA0CE1500E7C9FD /* main.m */,
			);
			name = "Supporting Files";
			sourceTree = "<group>";
		};
		4708C3341EA0CE1500E7C9FD /* JQTumblrHudDemoTests */ = {
			isa = PBXGroup;
			children = (
				4708C3351EA0CE1500E7C9FD /* JQTumblrHudDemoTests.m */,
				4708C3371EA0CE1500E7C9FD /* Info.plist */,
			);
			path = JQTumblrHudDemoTests;
			sourceTree = "<group>";
		};
		4708C33F1EA0CE1500E7C9FD /* JQTumblrHudDemoUITests */ = {
			isa = PBXGroup;
			children = (
				4708C3401EA0CE1500E7C9FD /* JQTumblrHudDemoUITests.m */,
				4708C3421EA0CE1500E7C9FD /* Info.plist */,
			);
			path = JQTumblrHudDemoUITests;
			sourceTree = "<group>";
		};
		4708C34E1EA0CE2B00E7C9FD /* JQTumblrHud */ = {
			isa = PBXGroup;
			children = (
				4708C34F1EA0CE2B00E7C9FD /* JQTumblrHud.h */,
				4708C3501EA0CE2B00E7C9FD /* JQTumblrHud.m */,
			);
			path = JQTumblrHud;
			sourceTree = "<group>";
		};
/* End PBXGroup section */

/* Begin PBXNativeTarget section */
		4708C3171EA0CE1500E7C9FD /* JQTumblrHudDemo */ = {
			isa = PBXNativeTarget;
			buildConfigurationList = 4708C3451EA0CE1500E7C9FD /* Build configuration list for PBXNativeTarget "JQTumblrHudDemo" */;
			buildPhases = (
				4708C3141EA0CE1500E7C9FD /* Sources */,
				4708C3151EA0CE1500E7C9FD /* Frameworks */,
				4708C3161EA0CE1500E7C9FD /* Resources */,
			);
			buildRules = (
			);
			dependencies = (
			);
			name = JQTumblrHudDemo;
			productName = JQTumblrHudDemo;
			productReference = 4708C3181EA0CE1500E7C9FD /* JQTumblrHudDemo.app */;
			productType = "com.apple.product-type.application";
		};
		4708C3301EA0CE1500E7C9FD /* JQTumblrHudDemoTests */ = {
			isa = PBXNativeTarget;
			buildConfigurationList = 4708C3481EA0CE1500E7C9FD /* Build configuration list for PBXNativeTarget "JQTumblrHudDemoTests" */;
			buildPhases = (
				4708C32D1EA0CE1500E7C9FD /* Sources */,
				4708C32E1EA0CE1500E7C9FD /* Frameworks */,
				4708C32F1EA0CE1500E7C9FD /* Resources */,
			);
			buildRules = (
			);
			dependencies = (
				4708C3331EA0CE1500E7C9FD /* PBXTargetDependency */,
			);
			name = JQTumblrHudDemoTests;
			productName = JQTumblrHudDemoTests;
			productReference = 4708C3311EA0CE1500E7C9FD /* JQTumblrHudDemoTests.xctest */;
			productType = "com.apple.product-type.bundle.unit-test";
		};
		4708C33B1EA0CE1500E7C9FD /* JQTumblrHudDemoUITests */ = {
			isa = PBXNativeTarget;
			buildConfigurationList = 4708C34B1EA0CE1500E7C9FD /* Build configuration list for PBXNativeTarget "JQTumblrHudDemoUITests" */;
			buildPhases = (
				4708C3381EA0CE1500E7C9FD /* Sources */,
				4708C3391EA0CE1500E7C9FD /* Frameworks */,
				4708C33A1EA0CE1500E7C9FD /* Resources */,
			);
			buildRules = (
			);
			dependencies = (
				4708C33E1EA0CE1500E7C9FD /* PBXTargetDependency */,
			);
			name = JQTumblrHudDemoUITests;
			productName = JQTumblrHudDemoUITests;
			productReference = 4708C33C1EA0CE1500E7C9FD /* JQTumblrHudDemoUITests.xctest */;
			productType = "com.apple.product-type.bundle.ui-testing";
		};
/* End PBXNativeTarget section */

/* Begin PBXProject section */
		4708C3101EA0CE1500E7C9FD /* Project object */ = {
			isa = PBXProject;
			attributes = {
				LastUpgradeCheck = 0830;
				ORGANIZATIONNAME = HaRi;
				TargetAttributes = {
					4708C3171EA0CE1500E7C9FD = {
						CreatedOnToolsVersion = 8.3.1;
						DevelopmentTeam = WTB2BKP7UZ;
						ProvisioningStyle = Automatic;
					};
					4708C3301EA0CE1500E7C9FD = {
						CreatedOnToolsVersion = 8.3.1;
						DevelopmentTeam = WTB2BKP7UZ;
						ProvisioningStyle = Automatic;
						TestTargetID = 4708C3171EA0CE1500E7C9FD;
					};
					4708C33B1EA0CE1500E7C9FD = {
						CreatedOnToolsVersion = 8.3.1;
						DevelopmentTeam = WTB2BKP7UZ;
						ProvisioningStyle = Automatic;
						TestTargetID = 4708C3171EA0CE1500E7C9FD;
					};
				};
			};
			buildConfigurationList = 4708C3131EA0CE1500E7C9FD /* Build configuration list for PBXProject "JQTumblrHudDemo" */;
			compatibilityVersion = "Xcode 3.2";
			developmentRegion = English;
			hasScannedForEncodings = 0;
			knownRegions = (
				en,
				Base,
			);
			mainGroup = 4708C30F1EA0CE1500E7C9FD;
			productRefGroup = 4708C3191EA0CE1500E7C9FD /* Products */;
			projectDirPath = "";
			projectRoot = "";
			targets = (
				4708C3171EA0CE1500E7C9FD /* JQTumblrHudDemo */,
				4708C3301EA0CE1500E7C9FD /* JQTumblrHudDemoTests */,
				4708C33B1EA0CE1500E7C9FD /* JQTumblrHudDemoUITests */,
			);
		};
/* End PBXProject section */

/* Begin PBXResourcesBuildPhase section */
		4708C3161EA0CE1500E7C9FD /* Resources */ = {
			isa = PBXResourcesBuildPhase;
			buildActionMask = 2147483647;
			files = (
				4708C32B1EA0CE1500E7C9FD /* LaunchScreen.storyboard in Resources */,
				4708C3281EA0CE1500E7C9FD /* Assets.xcassets in Resources */,
				4708C3261EA0CE1500E7C9FD /* Main.storyboard in Resources */,
			);
			runOnlyForDeploymentPostprocessing = 0;
		};
		4708C32F1EA0CE1500E7C9FD /* Resources */ = {
			isa = PBXResourcesBuildPhase;
			buildActionMask = 2147483647;
			files = (
			);
			runOnlyForDeploymentPostprocessing = 0;
		};
		4708C33A1EA0CE1500E7C9FD /* Resources */ = {
			isa = PBXResourcesBuildPhase;
			buildActionMask = 2147483647;
			files = (
			);
			runOnlyForDeploymentPostprocessing = 0;
		};
/* End PBXResourcesBuildPhase section */

/* Begin PBXSourcesBuildPhase section */
		4708C3141EA0CE1500E7C9FD /* Sources */ = {
			isa = PBXSourcesBuildPhase;
			buildActionMask = 2147483647;
			files = (
				4708C3231EA0CE1500E7C9FD /* ViewController.m in Sources */,
				4708C3201EA0CE1500E7C9FD /* AppDelegate.m in Sources */,
				4708C3511EA0CE2B00E7C9FD /* JQTumblrHud.m in Sources */,
				4708C31D1EA0CE1500E7C9FD /* main.m in Sources */,
			);
			runOnlyForDeploymentPostprocessing = 0;
		};
		4708C32D1EA0CE1500E7C9FD /* Sources */ = {
			isa = PBXSourcesBuildPhase;
			buildActionMask = 2147483647;
			files = (
				4708C3361EA0CE1500E7C9FD /* JQTumblrHudDemoTests.m in Sources */,
			);
			runOnlyForDeploymentPostprocessing = 0;
		};
		4708C3381EA0CE1500E7C9FD /* Sources */ = {
			isa = PBXSourcesBuildPhase;
			buildActionMask = 2147483647;
			files = (
				4708C3411EA0CE1500E7C9FD /* JQTumblrHudDemoUITests.m in Sources */,
			);
			runOnlyForDeploymentPostprocessing = 0;
		};
/* End PBXSourcesBuildPhase section */

/* Begin PBXTargetDependency section */
		4708C3331EA0CE1500E7C9FD /* PBXTargetDependency */ = {
			isa = PBXTargetDependency;
			target = 4708C3171EA0CE1500E7C9FD /* JQTumblrHudDemo */;
			targetProxy = 4708C3321EA0CE1500E7C9FD /* PBXContainerItemProxy */;
		};
		4708C33E1EA0CE1500E7C9FD /* PBXTargetDependency */ = {
			isa = PBXTargetDependency;
			target = 4708C3171EA0CE1500E7C9FD /* JQTumblrHudDemo */;
			targetProxy = 4708C33D1EA0CE1500E7C9FD /* PBXContainerItemProxy */;
		};
/* End PBXTargetDependency section */

/* Begin PBXVariantGroup section */
		4708C3241EA0CE1500E7C9FD /* Main.storyboard */ = {
			isa = PBXVariantGroup;
			children = (
				4708C3251EA0CE1500E7C9FD /* Base */,
			);
			name = Main.storyboard;
			sourceTree = "<group>";
		};
		4708C3291EA0CE1500E7C9FD /* LaunchScreen.storyboard */ = {
			isa = PBXVariantGroup;
			children = (
				4708C32A1EA0CE1500E7C9FD /* Base */,
			);
			name = LaunchScreen.storyboard;
			sourceTree = "<group>";
		};
/* End PBXVariantGroup section */

/* Begin XCBuildConfiguration section */
		4708C3431EA0CE1500E7C9FD /* Debug */ = {
			isa = XCBuildConfiguration;
			buildSettings = {
				ALWAYS_SEARCH_USER_PATHS = NO;
				CLANG_ANALYZER_NONNULL = YES;
				CLANG_ANALYZER_NUMBER_OBJECT_CONVERSION = YES_AGGRESSIVE;
				CLANG_CXX_LANGUAGE_STANDARD = "gnu++0x";
				CLANG_CXX_LIBRARY = "libc++";
				CLANG_ENABLE_MODULES = YES;
				CLANG_ENABLE_OBJC_ARC = YES;
				CLANG_WARN_BOOL_CONVERSION = YES;
				CLANG_WARN_CONSTANT_CONVERSION = YES;
				CLANG_WARN_DIRECT_OBJC_ISA_USAGE = YES_ERROR;
				CLANG_WARN_DOCUMENTATION_COMMENTS = YES;
				CLANG_WARN_EMPTY_BODY = YES;
				CLANG_WARN_ENUM_CONVERSION = YES;
				CLANG_WARN_INFINITE_RECURSION = YES;
				CLANG_WARN_INT_CONVERSION = YES;
				CLANG_WARN_OBJC_ROOT_CLASS = YES_ERROR;
				CLANG_WARN_SUSPICIOUS_MOVE = YES;
				CLANG_WARN_UNREACHABLE_CODE = YES;
				CLANG_WARN__DUPLICATE_METHOD_MATCH = YES;
				"CODE_SIGN_IDENTITY[sdk=iphoneos*]" = "iPhone Developer";
				COPY_PHASE_STRIP = NO;
				DEBUG_INFORMATION_FORMAT = dwarf;
				ENABLE_STRICT_OBJC_MSGSEND = YES;
				ENABLE_TESTABILITY = YES;
				GCC_C_LANGUAGE_STANDARD = gnu99;
				GCC_DYNAMIC_NO_PIC = NO;
				GCC_NO_COMMON_BLOCKS = YES;
				GCC_OPTIMIZATION_LEVEL = 0;
				GCC_PREPROCESSOR_DEFINITIONS = (
					"DEBUG=1",
					"$(inherited)",
				);
				GCC_WARN_64_TO_32_BIT_CONVERSION = YES;
				GCC_WARN_ABOUT_RETURN_TYPE = YES_ERROR;
				GCC_WARN_UNDECLARED_SELECTOR = YES;
				GCC_WARN_UNINITIALIZED_AUTOS = YES_AGGRESSIVE;
				GCC_WARN_UNUSED_FUNCTION = YES;
				GCC_WARN_UNUSED_VARIABLE = YES;
				IPHONEOS_DEPLOYMENT_TARGET = 10.3;
				MTL_ENABLE_DEBUG_INFO = YES;
				ONLY_ACTIVE_ARCH = YES;
				SDKROOT = iphoneos;
				TARGETED_DEVICE_FAMILY = "1,2";
			};
			name = Debug;
		};
		4708C3441EA0CE1500E7C9FD /* Release */ = {
			isa = XCBuildConfiguration;
			buildSettings = {
				ALWAYS_SEARCH_USER_PATHS = NO;
				CLANG_ANALYZER_NONNULL = YES;
				CLANG_ANALYZER_NUMBER_OBJECT_CONVERSION = YES_AGGRESSIVE;
				CLANG_CXX_LANGUAGE_STANDARD = "gnu++0x";
				CLANG_CXX_LIBRARY = "libc++";
				CLANG_ENABLE_MODULES = YES;
				CLANG_ENABLE_OBJC_ARC = YES;
				CLANG_WARN_BOOL_CONVERSION = YES;
				CLANG_WARN_CONSTANT_CONVERSION = YES;
				CLANG_WARN_DIRECT_OBJC_ISA_USAGE = YES_ERROR;
				CLANG_WARN_DOCUMENTATION_COMMENTS = YES;
				CLANG_WARN_EMPTY_BODY = YES;
				CLANG_WARN_ENUM_CONVERSION = YES;
				CLANG_WARN_INFINITE_RECURSION = YES;
				CLANG_WARN_INT_CONVERSION = YES;
				CLANG_WARN_OBJC_ROOT_CLASS = YES_ERROR;
				CLANG_WARN_SUSPICIOUS_MOVE = YES;
				CLANG_WARN_UNREACHABLE_CODE = YES;
				CLANG_WARN__DUPLICATE_METHOD_MATCH = YES;
				"CODE_SIGN_IDENTITY[sdk=iphoneos*]" = "iPhone Developer";
				COPY_PHASE_STRIP = NO;
				DEBUG_INFORMATION_FORMAT = "dwarf-with-dsym";
				ENABLE_NS_ASSERTIONS = NO;
				ENABLE_STRICT_OBJC_MSGSEND = YES;
				GCC_C_LANGUAGE_STANDARD = gnu99;
				GCC_NO_COMMON_BLOCKS = YES;
				GCC_WARN_64_TO_32_BIT_CONVERSION = YES;
				GCC_WARN_ABOUT_RETURN_TYPE = YES_ERROR;
				GCC_WARN_UNDECLARED_SELECTOR = YES;
				GCC_WARN_UNINITIALIZED_AUTOS = YES_AGGRESSIVE;
				GCC_WARN_UNUSED_FUNCTION = YES;
				GCC_WARN_UNUSED_VARIABLE = YES;
				IPHONEOS_DEPLOYMENT_TARGET = 10.3;
				MTL_ENABLE_DEBUG_INFO = NO;
				SDKROOT = iphoneos;
				TARGETED_DEVICE_FAMILY = "1,2";
				VALIDATE_PRODUCT = YES;
			};
			name = Release;
		};
		4708C3461EA0CE1500E7C9FD /* Debug */ = {
			isa = XCBuildConfiguration;
			buildSettings = {
				ASSETCATALOG_COMPILER_APPICON_NAME = AppIcon;
				DEVELOPMENT_TEAM = WTB2BKP7UZ;
				INFOPLIST_FILE = JQTumblrHudDemo/Info.plist;
				LD_RUNPATH_SEARCH_PATHS = "$(inherited) @executable_path/Frameworks";
				PRODUCT_BUNDLE_IDENTIFIER = HanJunqiang.JQTumblrHudDemo;
				PRODUCT_NAME = "$(TARGET_NAME)";
			};
			name = Debug;
		};
		4708C3471EA0CE1500E7C9FD /* Release */ = {
			isa = XCBuildConfiguration;
			buildSettings = {
				ASSETCATALOG_COMPILER_APPICON_NAME = AppIcon;
				DEVELOPMENT_TEAM = WTB2BKP7UZ;
				INFOPLIST_FILE = JQTumblrHudDemo/Info.plist;
				LD_RUNPATH_SEARCH_PATHS = "$(inherited) @executable_path/Frameworks";
				PRODUCT_BUNDLE_IDENTIFIER = HanJunqiang.JQTumblrHudDemo;
				PRODUCT_NAME = "$(TARGET_NAME)";
			};
			name = Release;
		};
		4708C3491EA0CE1500E7C9FD /* Debug */ = {
			isa = XCBuildConfiguration;
			buildSettings = {
				BUNDLE_LOADER = "$(TEST_HOST)";
				DEVELOPMENT_TEAM = WTB2BKP7UZ;
				INFOPLIST_FILE = JQTumblrHudDemoTests/Info.plist;
				LD_RUNPATH_SEARCH_PATHS = "$(inherited) @executable_path/Frameworks @loader_path/Frameworks";
				PRODUCT_BUNDLE_IDENTIFIER = HanJunqiang.JQTumblrHudDemoTests;
				PRODUCT_NAME = "$(TARGET_NAME)";
				TEST_HOST = "$(BUILT_PRODUCTS_DIR)/JQTumblrHudDemo.app/JQTumblrHudDemo";
			};
			name = Debug;
		};
		4708C34A1EA0CE1500E7C9FD /* Release */ = {
			isa = XCBuildConfiguration;
			buildSettings = {
				BUNDLE_LOADER = "$(TEST_HOST)";
				DEVELOPMENT_TEAM = WTB2BKP7UZ;
				INFOPLIST_FILE = JQTumblrHudDemoTests/Info.plist;
				LD_RUNPATH_SEARCH_PATHS = "$(inherited) @executable_path/Frameworks @loader_path/Frameworks";
				PRODUCT_BUNDLE_IDENTIFIER = HanJunqiang.JQTumblrHudDemoTests;
				PRODUCT_NAME = "$(TARGET_NAME)";
				TEST_HOST = "$(BUILT_PRODUCTS_DIR)/JQTumblrHudDemo.app/JQTumblrHudDemo";
			};
			name = Release;
		};
		4708C34C1EA0CE1500E7C9FD /* Debug */ = {
			isa = XCBuildConfiguration;
			buildSettings = {
				DEVELOPMENT_TEAM = WTB2BKP7UZ;
				INFOPLIST_FILE = JQTumblrHudDemoUITests/Info.plist;
				LD_RUNPATH_SEARCH_PATHS = "$(inherited) @executable_path/Frameworks @loader_path/Frameworks";
				PRODUCT_BUNDLE_IDENTIFIER = HanJunqiang.JQTumblrHudDemoUITests;
				PRODUCT_NAME = "$(TARGET_NAME)";
				TEST_TARGET_NAME = JQTumblrHudDemo;
			};
			name = Debug;
		};
		4708C34D1EA0CE1500E7C9FD /* Release */ = {
			isa = XCBuildConfiguration;
			buildSettings = {
				DEVELOPMENT_TEAM = WTB2BKP7UZ;
				INFOPLIST_FILE = JQTumblrHudDemoUITests/Info.plist;
				LD_RUNPATH_SEARCH_PATHS = "$(inherited) @executable_path/Frameworks @loader_path/Frameworks";
				PRODUCT_BUNDLE_IDENTIFIER = HanJunqiang.JQTumblrHudDemoUITests;
				PRODUCT_NAME = "$(TARGET_NAME)";
				TEST_TARGET_NAME = JQTumblrHudDemo;
			};
			name = Release;
		};
/* End XCBuildConfiguration section */

/* Begin XCConfigurationList section */
		4708C3131EA0CE1500E7C9FD /* Build configuration list for PBXProject "JQTumblrHudDemo" */ = {
			isa = XCConfigurationList;
			buildConfigurations = (
				4708C3431EA0CE1500E7C9FD /* Debug */,
				4708C3441EA0CE1500E7C9FD /* Release */,
			);
			defaultConfigurationIsVisible = 0;
			defaultConfigurationName = Release;
		};
		4708C3451EA0CE1500E7C9FD /* Build configuration list for PBXNativeTarget "JQTumblrHudDemo" */ = {
			isa = XCConfigurationList;
			buildConfigurations = (
				4708C3461EA0CE1500E7C9FD /* Debug */,
				4708C3471EA0CE1500E7C9FD /* Release */,
			);
			defaultConfigurationIsVisible = 0;
		};
		4708C3481EA0CE1500E7C9FD /* Build configuration list for PBXNativeTarget "JQTumblrHudDemoTests" */ = {
			isa = XCConfigurationList;
			buildConfigurations = (
				4708C3491EA0CE1500E7C9FD /* Debug */,
				4708C34A1EA0CE1500E7C9FD /* Release */,
			);
			defaultConfigurationIsVisible = 0;
		};
		4708C34B1EA0CE1500E7C9FD /* Build configuration list for PBXNativeTarget "JQTumblrHudDemoUITests" */ = {
			isa = XCConfigurationList;
			buildConfigurations = (
				4708C34C1EA0CE1500E7C9FD /* Debug */,
				4708C34D1EA0CE1500E7C9FD /* Release */,
			);
			defaultConfigurationIsVisible = 0;
		};
/* End XCConfigurationList section */
	};
	rootObject = 4708C3101EA0CE1500E7C9FD /* Project object */;
}
